
Microsoft Visual Studio Solution File, Format Version 12.00
# Visual Studio 14
VisualStudioVersion = 14.0.25123.0
MinimumVisualStudioVersion = 10.0.40219.1
Project("{2150E333-8FDC-42A3-9474-1A3956D46DE8}") = "web", "web", "{0BA0E9D2-8095-43AD-8D40-BF1EA2ADE3C3}"
EndProject
Project("{FAE04EC0-301F-11D3-BF4B-00C04F79EFBC}") = "Cibb.Web.BLL", "Cibb.Web.BLL\Cibb.Web.BLL.csproj", "{1099F994-0BA5-4BCF-B51A-691FCFBA02DD}"
EndProject
Project("{2150E333-8FDC-42A3-9474-1A3956D46DE8}") = "core", "core", "{A46C17E5-FC7E-472C-B75D-8BFC2DD13FD0}"
EndProject
Project("{2150E333-8FDC-42A3-9474-1A3956D46DE8}") = "webui", "webui", "{82A8C165-0AB2-48A7-B539-D72A44C097B7}"
EndProject
Project("{FAE04EC0-301F-11D3-BF4B-00C04F79EFBC}") = "Cibb.Web.Contract", "Cibb.Web.Contract\Cibb.Web.Contract.csproj", "{8C81FC54-8A98-4D48-A6F7-60AE813FC85E}"
EndProject
Project("{FAE04EC0-301F-11D3-BF4B-00C04F79EFBC}") = "Cibb.Core.DAL", "Cibb.Core.DAL\Cibb.Core.DAL.csproj", "{BBE8EBE4-CBA9-4ED7-9C1B-2434C4878AB3}"
EndProject
Project("{FAE04EC0-301F-11D3-BF4B-00C04F79EFBC}") = "Cibb.Core.Cache", "Cibb.Core.Cache\Cibb.Core.Cache.csproj", "{C3C95DCC-FCAB-4912-B1A9-AA9541FC9A6C}"
EndProject
Project("{FAE04EC0-301F-11D3-BF4B-00C04F79EFBC}") = "Cibb.Web", "Cibb.Web\Cibb.Web.csproj", "{24B0CC44-A08E-4A7C-B3FF-2EAA80077122}"
EndProject
Project("{FAE04EC0-301F-11D3-BF4B-00C04F79EFBC}") = "Cibb.Web.UI2", "Cibb.Web.UI2\Cibb.Web.UI2.csproj", "{5BD3F212-277A-4F04-8ECD-319051C1C3F0}"
EndProject
Project("{FAE04EC0-301F-11D3-BF4B-00C04F79EFBC}") = "Cibb.Core.Utility", "Cibb.Core.Utility\Cibb.Core.Utility.csproj", "{80913B09-FF7E-4549-BD73-51107423785C}"
EndProject
Project("{2150E333-8FDC-42A3-9474-1A3956D46DE8}") = "cms", "cms", "{4EBEF2F0-3519-4870-BDEA-F0944E84A897}"
EndProject
Project("{FAE04EC0-301F-11D3-BF4B-00C04F79EFBC}") = "CMS.Web", "CMS.Web\CMS.Web.csproj", "{790E4C07-16F7-4093-AB9E-BC936FF7EDE6}"
EndProject
Project("{FAE04EC0-301F-11D3-BF4B-00C04F79EFBC}") = "CMS.Web.UI", "CMS.Web.UI\CMS.Web.UI.csproj", "{7791CFC5-10CF-4D85-810E-D94312ADA576}"
EndProject
Project("{FAE04EC0-301F-11D3-BF4B-00C04F79EFBC}") = "CMS.BLL", "CMS.BLL\CMS.BLL.csproj", "{5ACD5709-B3C9-4B98-9B8B-56856B2D71D7}"
EndProject
Project("{FAE04EC0-301F-11D3-BF4B-00C04F79EFBC}") = "CMS.Contract", "CMS.Contract\CMS.Contract.csproj", "{8432869C-6449-44F3-9505-7556F909AE4D}"
EndProject
Project("{2150E333-8FDC-42A3-9474-1A3956D46DE8}") = "gygl", "gygl", "{E3EC0A26-79C6-4402-AA9A-C768E506E840}"
EndProject
Project("{FAE04EC0-301F-11D3-BF4B-00C04F79EFBC}") = "Gygl.Web.BLL", "Gygl.Web.BLL\Gygl.Web.BLL.csproj", "{03E0CB9D-EBF0-4EFF-A228-A70988E12D76}"
EndProject
Project("{FAE04EC0-301F-11D3-BF4B-00C04F79EFBC}") = "Gygl.Web.Contract", "Gygl.Web.Contract\Gygl.Web.Contract.csproj", "{2FB694E1-2E40-4547-8DB5-DC6A935F4FB3}"
EndProject
Project("{FAE04EC0-301F-11D3-BF4B-00C04F79EFBC}") = "Gygl.Web.UI", "Gygl.Web.UI\Gygl.Web.UI.csproj", "{8AD24F1D-6ADD-4CB9-B73B-E7F200D19E34}"
EndProject
Global
	GlobalSection(SolutionConfigurationPlatforms) = preSolution
		Debug|Any CPU = Debug|Any CPU
		Release|Any CPU = Release|Any CPU
	EndGlobalSection
	GlobalSection(ProjectConfigurationPlatforms) = postSolution
		{1099F994-0BA5-4BCF-B51A-691FCFBA02DD}.Debug|Any CPU.ActiveCfg = Debug|Any CPU
		{1099F994-0BA5-4BCF-B51A-691FCFBA02DD}.Debug|Any CPU.Build.0 = Debug|Any CPU
		{1099F994-0BA5-4BCF-B51A-691FCFBA02DD}.Release|Any CPU.ActiveCfg = Release|Any CPU
		{1099F994-0BA5-4BCF-B51A-691FCFBA02DD}.Release|Any CPU.Build.0 = Release|Any CPU
		{8C81FC54-8A98-4D48-A6F7-60AE813FC85E}.Debug|Any CPU.ActiveCfg = Debug|Any CPU
		{8C81FC54-8A98-4D48-A6F7-60AE813FC85E}.Debug|Any CPU.Build.0 = Debug|Any CPU
		{8C81FC54-8A98-4D48-A6F7-60AE813FC85E}.Release|Any CPU.ActiveCfg = Release|Any CPU
		{8C81FC54-8A98-4D48-A6F7-60AE813FC85E}.Release|Any CPU.Build.0 = Release|Any CPU
		{BBE8EBE4-CBA9-4ED7-9C1B-2434C4878AB3}.Debug|Any CPU.ActiveCfg = Debug|Any CPU
		{BBE8EBE4-CBA9-4ED7-9C1B-2434C4878AB3}.Debug|Any CPU.Build.0 = Debug|Any CPU
		{BBE8EBE4-CBA9-4ED7-9C1B-2434C4878AB3}.Release|Any CPU.ActiveCfg = Release|Any CPU
		{BBE8EBE4-CBA9-4ED7-9C1B-2434C4878AB3}.Release|Any CPU.Build.0 = Release|Any CPU
		{C3C95DCC-FCAB-4912-B1A9-AA9541FC9A6C}.Debug|Any CPU.ActiveCfg = Debug|Any CPU
		{C3C95DCC-FCAB-4912-B1A9-AA9541FC9A6C}.Debug|Any CPU.Build.0 = Debug|Any CPU
		{C3C95DCC-FCAB-4912-B1A9-AA9541FC9A6C}.Release|Any CPU.ActiveCfg = Release|Any CPU
		{C3C95DCC-FCAB-4912-B1A9-AA9541FC9A6C}.Release|Any CPU.Build.0 = Release|Any CPU
		{24B0CC44-A08E-4A7C-B3FF-2EAA80077122}.Debug|Any CPU.ActiveCfg = Debug|Any CPU
		{24B0CC44-A08E-4A7C-B3FF-2EAA80077122}.Debug|Any CPU.Build.0 = Debug|Any CPU
		{24B0CC44-A08E-4A7C-B3FF-2EAA80077122}.Release|Any CPU.ActiveCfg = Release|Any CPU
		{24B0CC44-A08E-4A7C-B3FF-2EAA80077122}.Release|Any CPU.Build.0 = Release|Any CPU
		{5BD3F212-277A-4F04-8ECD-319051C1C3F0}.Debug|Any CPU.ActiveCfg = Debug|Any CPU
		{5BD3F212-277A-4F04-8ECD-319051C1C3F0}.Debug|Any CPU.Build.0 = Debug|Any CPU
		{5BD3F212-277A-4F04-8ECD-319051C1C3F0}.Release|Any CPU.ActiveCfg = Release|Any CPU
		{5BD3F212-277A-4F04-8ECD-319051C1C3F0}.Release|Any CPU.Build.0 = Release|Any CPU
		{80913B09-FF7E-4549-BD73-51107423785C}.Debug|Any CPU.ActiveCfg = Debug|Any CPU
		{80913B09-FF7E-4549-BD73-51107423785C}.Debug|Any CPU.Build.0 = Debug|Any CPU
		{80913B09-FF7E-4549-BD73-51107423785C}.Release|Any CPU.ActiveCfg = Release|Any CPU
		{80913B09-FF7E-4549-BD73-51107423785C}.Release|Any CPU.Build.0 = Release|Any CPU
		{790E4C07-16F7-4093-AB9E-BC936FF7EDE6}.Debug|Any CPU.ActiveCfg = Debug|Any CPU
		{790E4C07-16F7-4093-AB9E-BC936FF7EDE6}.Debug|Any CPU.Build.0 = Debug|Any CPU
		{790E4C07-16F7-4093-AB9E-BC936FF7EDE6}.Release|Any CPU.ActiveCfg = Release|Any CPU
		{790E4C07-16F7-4093-AB9E-BC936FF7EDE6}.Release|Any CPU.Build.0 = Release|Any CPU
		{7791CFC5-10CF-4D85-810E-D94312ADA576}.Debug|Any CPU.ActiveCfg = Debug|Any CPU
		{7791CFC5-10CF-4D85-810E-D94312ADA576}.Debug|Any CPU.Build.0 = Debug|Any CPU
		{7791CFC5-10CF-4D85-810E-D94312ADA576}.Release|Any CPU.ActiveCfg = Release|Any CPU
		{7791CFC5-10CF-4D85-810E-D94312ADA576}.Release|Any CPU.Build.0 = Release|Any CPU
		{5ACD5709-B3C9-4B98-9B8B-56856B2D71D7}.Debug|Any CPU.ActiveCfg = Debug|Any CPU
		{5ACD5709-B3C9-4B98-9B8B-56856B2D71D7}.Debug|Any CPU.Build.0 = Debug|Any CPU
		{5ACD5709-B3C9-4B98-9B8B-56856B2D71D7}.Release|Any CPU.ActiveCfg = Release|Any CPU
		{5ACD5709-B3C9-4B98-9B8B-56856B2D71D7}.Release|Any CPU.Build.0 = Release|Any CPU
		{8432869C-6449-44F3-9505-7556F909AE4D}.Debug|Any CPU.ActiveCfg = Debug|Any CPU
		{8432869C-6449-44F3-9505-7556F909AE4D}.Debug|Any CPU.Build.0 = Debug|Any CPU
		{8432869C-6449-44F3-9505-7556F909AE4D}.Release|Any CPU.ActiveCfg = Release|Any CPU
		{8432869C-6449-44F3-9505-7556F909AE4D}.Release|Any CPU.Build.0 = Release|Any CPU
		{03E0CB9D-EBF0-4EFF-A228-A70988E12D76}.Debug|Any CPU.ActiveCfg = Debug|Any CPU
		{03E0CB9D-EBF0-4EFF-A228-A70988E12D76}.Debug|Any CPU.Build.0 = Debug|Any CPU
		{03E0CB9D-EBF0-4EFF-A228-A70988E12D76}.Release|Any CPU.ActiveCfg = Release|Any CPU
		{03E0CB9D-EBF0-4EFF-A228-A70988E12D76}.Release|Any CPU.Build.0 = Release|Any CPU
		{2FB694E1-2E40-4547-8DB5-DC6A935F4FB3}.Debug|Any CPU.ActiveCfg = Debug|Any CPU
		{2FB694E1-2E40-4547-8DB5-DC6A935F4FB3}.Debug|Any CPU.Build.0 = Debug|Any CPU
		{2FB694E1-2E40-4547-8DB5-DC6A935F4FB3}.Release|Any CPU.ActiveCfg = Release|Any CPU
		{2FB694E1-2E40-4547-8DB5-DC6A935F4FB3}.Release|Any CPU.Build.0 = Release|Any CPU
		{8AD24F1D-6ADD-4CB9-B73B-E7F200D19E34}.Debug|Any CPU.ActiveCfg = Debug|Any CPU
		{8AD24F1D-6ADD-4CB9-B73B-E7F200D19E34}.Debug|Any CPU.Build.0 = Debug|Any CPU
		{8AD24F1D-6ADD-4CB9-B73B-E7F200D19E34}.Release|Any CPU.ActiveCfg = Release|Any CPU
		{8AD24F1D-6ADD-4CB9-B73B-E7F200D19E34}.Release|Any CPU.Build.0 = Release|Any CPU
	EndGlobalSection
	GlobalSection(SolutionProperties) = preSolution
		HideSolutionNode = FALSE
	EndGlobalSection
	GlobalSection(NestedProjects) = preSolution
		{1099F994-0BA5-4BCF-B51A-691FCFBA02DD} = {0BA0E9D2-8095-43AD-8D40-BF1EA2ADE3C3}
		{8C81FC54-8A98-4D48-A6F7-60AE813FC85E} = {0BA0E9D2-8095-43AD-8D40-BF1EA2ADE3C3}
		{BBE8EBE4-CBA9-4ED7-9C1B-2434C4878AB3} = {A46C17E5-FC7E-472C-B75D-8BFC2DD13FD0}
		{C3C95DCC-FCAB-4912-B1A9-AA9541FC9A6C} = {A46C17E5-FC7E-472C-B75D-8BFC2DD13FD0}
		{24B0CC44-A08E-4A7C-B3FF-2EAA80077122} = {82A8C165-0AB2-48A7-B539-D72A44C097B7}
		{5BD3F212-277A-4F04-8ECD-319051C1C3F0} = {82A8C165-0AB2-48A7-B539-D72A44C097B7}
		{80913B09-FF7E-4549-BD73-51107423785C} = {A46C17E5-FC7E-472C-B75D-8BFC2DD13FD0}
		{790E4C07-16F7-4093-AB9E-BC936FF7EDE6} = {4EBEF2F0-3519-4870-BDEA-F0944E84A897}
		{7791CFC5-10CF-4D85-810E-D94312ADA576} = {4EBEF2F0-3519-4870-BDEA-F0944E84A897}
		{5ACD5709-B3C9-4B98-9B8B-56856B2D71D7} = {4EBEF2F0-3519-4870-BDEA-F0944E84A897}
		{8432869C-6449-44F3-9505-7556F909AE4D} = {4EBEF2F0-3519-4870-BDEA-F0944E84A897}
		{03E0CB9D-EBF0-4EFF-A228-A70988E12D76} = {E3EC0A26-79C6-4402-AA9A-C768E506E840}
		{2FB694E1-2E40-4547-8DB5-DC6A935F4FB3} = {E3EC0A26-79C6-4402-AA9A-C768E506E840}
		{8AD24F1D-6ADD-4CB9-B73B-E7F200D19E34} = {E3EC0A26-79C6-4402-AA9A-C768E506E840}
	EndGlobalSection
EndGlobal
